
Microsoft Visual Studio Solution File, Format Version 12.00
# Visual Studio Version 17
VisualStudioVersion = 17.0.31903.59
MinimumVisualStudioVersion = 10.0.40219.1
Project("{FAE04EC0-301F-11D3-BF4B-00C04F79EFBC}") = "SharpTools.Tools", "SharpTools.Tools\SharpTools.Tools.csproj", "{43569443-A282-4E77-AD84-9E5813A98E8D}"
EndProject
Project("{FAE04EC0-301F-11D3-BF4B-00C04F79EFBC}") = "SharpTools.SseServer", "SharpTools.SseServer\SharpTools.SseServer.csproj", "{C3B267BF-EA86-4A06-BAE6-1FEDC5A30213}"
EndProject
Project("{FAE04EC0-301F-11D3-BF4B-00C04F79EFBC}") = "SharpTools.StdioServer", "SharpTools.StdioServer\SharpTools.StdioServer.csproj", "{6DF2B244-8781-4F09-87E7-F5130D03821D}"
EndProject
Project("{2150E333-8FDC-42A3-9474-1A3956D46DE8}") = "Documentation", "Documentation", "{F1E8C9A2-B3D4-4F5C-A1E2-D6F7E8A9B0C1}"
	ProjectSection(SolutionItems) = preProject
		CLAUDE.md = CLAUDE.md
		README.md = README.md
	EndProjectSection
EndProject
Project("{2150E333-8FDC-42A3-9474-1A3956D46DE8}") = "Guidelines", "Guidelines", "{A2F3B4C5-D6E7-48F9-B0C1-E2D3F4A5B6C7}"
	ProjectSection(SolutionItems) = preProject
		docs\guidelines\common.md = docs\guidelines\common.md
		docs\guidelines\desktop.md = docs\guidelines\desktop.md
		docs\guidelines\code.md = docs\guidelines\code.md
		docs\guidelines\csharp-guide.md = docs\guidelines\csharp-guide.md
		docs\guidelines\language-refs.md = docs\guidelines\language-refs.md
		docs\guidelines\last-updated.txt = docs\guidelines\last-updated.txt
	EndProjectSection
EndProject
Global
	GlobalSection(SolutionConfigurationPlatforms) = preSolution
		Debug|Any CPU = Debug|Any CPU
		Release|Any CPU = Release|Any CPU
	EndGlobalSection
	GlobalSection(SolutionProperties) = preSolution
		HideSolutionNode = FALSE
	EndGlobalSection
	GlobalSection(ProjectConfigurationPlatforms) = postSolution
		{43569443-A282-4E77-AD84-9E5813A98E8D}.Debug|Any CPU.ActiveCfg = Debug|Any CPU
		{43569443-A282-4E77-AD84-9E5813A98E8D}.Debug|Any CPU.Build.0 = Debug|Any CPU
		{43569443-A282-4E77-AD84-9E5813A98E8D}.Release|Any CPU.ActiveCfg = Release|Any CPU
		{43569443-A282-4E77-AD84-9E5813A98E8D}.Release|Any CPU.Build.0 = Release|Any CPU
		{C3B267BF-EA86-4A06-BAE6-1FEDC5A30213}.Debug|Any CPU.ActiveCfg = Debug|Any CPU
		{C3B267BF-EA86-4A06-BAE6-1FEDC5A30213}.Debug|Any CPU.Build.0 = Debug|Any CPU
		{C3B267BF-EA86-4A06-BAE6-1FEDC5A30213}.Release|Any CPU.ActiveCfg = Release|Any CPU
		{C3B267BF-EA86-4A06-BAE6-1FEDC5A30213}.Release|Any CPU.Build.0 = Release|Any CPU
		{6DF2B244-8781-4F09-87E7-F5130D03821D}.Debug|Any CPU.ActiveCfg = Debug|Any CPU
		{6DF2B244-8781-4F09-87E7-F5130D03821D}.Debug|Any CPU.Build.0 = Debug|Any CPU
		{6DF2B244-8781-4F09-87E7-F5130D03821D}.Release|Any CPU.ActiveCfg = Release|Any CPU
		{6DF2B244-8781-4F09-87E7-F5130D03821D}.Release|Any CPU.Build.0 = Release|Any CPU
	EndGlobalSection
	GlobalSection(NestedProjects) = preSolution
	EndGlobalSection
EndGlobal